
Microsoft Visual Studio Solution File, Format Version 12.00
# Visual Studio Version 17
VisualStudioVersion = 17.0.31903.59
MinimumVisualStudioVersion = 10.0.40219.1
Project("{2150E333-8FDC-42A3-9474-1A3956D46DE8}") = "src", "src", "{7D628538-4067-4CF6-8B6A-DF9C0E9F5026}"
EndProject
Project("{FAE04EC0-301F-11D3-BF4B-00C04F79EFBC}") = "Library", "src\Library\Library.csproj", "{4530618D-7DF5-4951-ABD2-DEFEC321F733}"
EndProject
Project("{FAE04EC0-301F-11D3-BF4B-00C04F79EFBC}") = "Program", "src\Program\Program.csproj", "{F7F89BDD-EF54-47DA-99AB-0F0361CF4C07}"
EndProject
Project("{2150E333-8FDC-42A3-9474-1A3956D46DE8}") = "test", "test", "{2E7C7CD9-B9EE-48B4-A636-30E6F47DC4D9}"
EndProject
Project("{FAE04EC0-301F-11D3-BF4B-00C04F79EFBC}") = "LibraryTests", "test\LibraryTests\LibraryTests.csproj", "{DE982314-E138-400D-BE0B-DF974E3195A2}"
EndProject
Global
	GlobalSection(SolutionConfigurationPlatforms) = preSolution
		Debug|Any CPU = Debug|Any CPU
		Release|Any CPU = Release|Any CPU
	EndGlobalSection
	GlobalSection(SolutionProperties) = preSolution
		HideSolutionNode = FALSE
	EndGlobalSection
	GlobalSection(ProjectConfigurationPlatforms) = postSolution
		{4530618D-7DF5-4951-ABD2-DEFEC321F733}.Debug|Any CPU.ActiveCfg = Debug|Any CPU
		{4530618D-7DF5-4951-ABD2-DEFEC321F733}.Debug|Any CPU.Build.0 = Debug|Any CPU
		{4530618D-7DF5-4951-ABD2-DEFEC321F733}.Release|Any CPU.ActiveCfg = Release|Any CPU
		{4530618D-7DF5-4951-ABD2-DEFEC321F733}.Release|Any CPU.Build.0 = Release|Any CPU
		{F7F89BDD-EF54-47DA-99AB-0F0361CF4C07}.Debug|Any CPU.ActiveCfg = Debug|Any CPU
		{F7F89BDD-EF54-47DA-99AB-0F0361CF4C07}.Debug|Any CPU.Build.0 = Debug|Any CPU
		{F7F89BDD-EF54-47DA-99AB-0F0361CF4C07}.Release|Any CPU.ActiveCfg = Release|Any CPU
		{F7F89BDD-EF54-47DA-99AB-0F0361CF4C07}.Release|Any CPU.Build.0 = Release|Any CPU
		{DE982314-E138-400D-BE0B-DF974E3195A2}.Debug|Any CPU.ActiveCfg = Debug|Any CPU
		{DE982314-E138-400D-BE0B-DF974E3195A2}.Debug|Any CPU.Build.0 = Debug|Any CPU
		{DE982314-E138-400D-BE0B-DF974E3195A2}.Release|Any CPU.ActiveCfg = Release|Any CPU
		{DE982314-E138-400D-BE0B-DF974E3195A2}.Release|Any CPU.Build.0 = Release|Any CPU
	EndGlobalSection
	GlobalSection(NestedProjects) = preSolution
		{4530618D-7DF5-4951-ABD2-DEFEC321F733} = {7D628538-4067-4CF6-8B6A-DF9C0E9F5026}
		{F7F89BDD-EF54-47DA-99AB-0F0361CF4C07} = {7D628538-4067-4CF6-8B6A-DF9C0E9F5026}
		{DE982314-E138-400D-BE0B-DF974E3195A2} = {2E7C7CD9-B9EE-48B4-A636-30E6F47DC4D9}
	EndGlobalSection
EndGlobal
